<?xml version="1.0" encoding="utf-8"?>
<Project ToolsVersion="4.0" xmlns="http://schemas.microsoft.com/developer/msbuild/2003">
  <ItemGroup>
    <Filter Include="CUDA">
      <UniqueIdentifier>{141ad9b6-ef56-47db-bce6-58be5c808048}</UniqueIdentifier>
    </Filter>
    <Filter Include="CUDA\Header Files">
      <UniqueIdentifier>{3294caaa-68d9-49ce-b769-8f3e9fe21251}</UniqueIdentifier>
    </Filter>
    <Filter Include="CUDA\Source Files">
      <UniqueIdentifier>{95651d43-5e87-4736-977c-da81906e17b0}</UniqueIdentifier>
    </Filter>
    <Filter Include="C++">
      <UniqueIdentifier>{de9c1091-6d4c-4bd8-867c-d3150f68b200}</UniqueIdentifier>
    </Filter>
    <Filter Include="C++\Header Files">
      <UniqueIdentifier>{93995380-89BD-4b04-88EB-625FBE52EBFB}</UniqueIdentifier>
      <Extensions>h;hh;hpp;hxx;h++;hm;inl;inc;ipp;xsd</Extensions>
    </Filter>
    <Filter Include="C++\Source Files">
      <UniqueIdentifier>{4FC737F1-C7A5-4376-A066-2A32D752A2FF}</UniqueIdentifier>
      <Extensions>cpp;c;cc;cxx;c++;cppm;ixx;def;odl;idl;hpj;bat;asm;asmx</Extensions>
    </Filter>
    <Filter Include="Glad">
      <UniqueIdentifier>{5c14da6c-e7ca-491d-9d7d-b510ee427f8f}</UniqueIdentifier>
    </Filter>
    <Filter Include="Shaders">
      <UniqueIdentifier>{19d71b40-8b90-4ff6-80f5-7dc4a7db634f}</UniqueIdentifier>
    </Filter>
  </ItemGroup>
  <ItemGroup>
    <ClInclude Include="C++\Header files\Archive.h">
      <Filter>C++\Header Files</Filter>
    </ClInclude>
    <ClInclude Include="C++\Header files\BlackHole.h">
      <Filter>C++\Header Files</Filter>
    </ClInclude>
    <ClInclude Include="C++\Header files\Camera.h">
      <Filter>C++\Header Files</Filter>
    </ClInclude>
    <ClInclude Include="C++\Header files\CelestialSkyProcessor.h">
      <Filter>C++\Header Files</Filter>
    </ClInclude>
    <ClInclude Include="C++\Header files\Code.h">
      <Filter>C++\Header Files</Filter>
    </ClInclude>
    <ClInclude Include="C++\Header files\Grid.h">
      <Filter>C++\Header Files</Filter>
    </ClInclude>
    <ClInclude Include="C++\Header files\IntegrationDefines.h">
      <Filter>C++\Header Files</Filter>
    </ClInclude>
    <ClInclude Include="C++\Header files\Parameters.h">
      <Filter>C++\Header Files</Filter>
    </ClInclude>
    <ClInclude Include="C++\Header files\StarProcessor.h">
      <Filter>C++\Header Files</Filter>
    </ClInclude>
    <ClInclude Include="C++\Header files\Viewer.h">
      <Filter>C++\Header Files</Filter>
    </ClInclude>
    <ClInclude Include="CUDA\Header files\ColorComputation.cuh">
      <Filter>CUDA\Header Files</Filter>
    </ClInclude>
    <ClInclude Include="CUDA\Header files\Constants.cuh">
      <Filter>CUDA\Header Files</Filter>
    </ClInclude>
    <ClInclude Include="CUDA\Header files\GridInterpolation.cuh">
      <Filter>CUDA\Header Files</Filter>
    </ClInclude>
    <ClInclude Include="CUDA\Header files\GridLookup.cuh">
      <Filter>CUDA\Header Files</Filter>
    </ClInclude>
    <ClInclude Include="CUDA\Header files\ImageDeformation.cuh">
      <Filter>CUDA\Header Files</Filter>
    </ClInclude>
    <ClInclude Include="CUDA\Header files\ImageDistorterCaller.cuh">
      <Filter>CUDA\Header Files</Filter>
    </ClInclude>
    <ClInclude Include="CUDA\Header files\intellisense_cuda_intrinsics.cuh">
      <Filter>CUDA\Header Files</Filter>
    </ClInclude>
    <ClInclude Include="CUDA\Header files\Metric.cuh">
      <Filter>CUDA\Header Files</Filter>
    </ClInclude>
    <ClInclude Include="CUDA\Header files\ShadowComputation.cuh">
      <Filter>CUDA\Header Files</Filter>
    </ClInclude>
    <ClInclude Include="CUDA\Header files\StarDeformation.cuh">
      <Filter>CUDA\Header Files</Filter>
    </ClInclude>
    <ClInclude Include="CUDA\Header files\vector_operations.cuh">
      <Filter>CUDA\Header Files</Filter>
    </ClInclude>
    <ClInclude Include="CUDA\Header files\AccretionDiskColorComputation.cuh">
      <Filter>CUDA\Header Files</Filter>
    </ClInclude>
    <ClInclude Include="CUDA\Header files\Temperature_color_lookup.cuh">
      <Filter>CUDA\Header Files</Filter>
    </ClInclude>
    <ClInclude Include="C++\Header files\ViewCamera.h">
      <Filter>C++\Header Files</Filter>
    </ClInclude>
  </ItemGroup>
  <ItemGroup>
    <ClCompile Include="C++\Source files\Grid.cpp">
      <Filter>C++\Source Files</Filter>
    </ClCompile>
    <ClCompile Include="C++\Source files\Source.cpp">
      <Filter>C++\Source Files</Filter>
    </ClCompile>
    <ClCompile Include="..\Libraries\GLAD\glad.c">
      <Filter>Glad</Filter>
    </ClCompile>
    <ClCompile Include="C++\Source files\ViewCamera.cpp">
      <Filter>C++\Source Files</Filter>
    </ClCompile>
  </ItemGroup>
  <ItemGroup>
    <CudaCompile Include="CUDA\Source files\ColorComputation.cu">
      <Filter>CUDA\Source Files</Filter>
    </CudaCompile>
    <CudaCompile Include="CUDA\Source files\GridInterpolation.cu">
      <Filter>CUDA\Source Files</Filter>
    </CudaCompile>
    <CudaCompile Include="CUDA\Source files\GridLookup.cu">
      <Filter>CUDA\Source Files</Filter>
    </CudaCompile>
    <CudaCompile Include="CUDA\Source files\ImageDeformation.cu">
      <Filter>CUDA\Source Files</Filter>
    </CudaCompile>
    <CudaCompile Include="CUDA\Source files\ImageDistorterCaller.cu">
      <Filter>CUDA\Source Files</Filter>
    </CudaCompile>
    <CudaCompile Include="CUDA\Source files\Metric.cu">
      <Filter>CUDA\Source Files</Filter>
    </CudaCompile>
    <CudaCompile Include="CUDA\Source files\ShadowComputation.cu">
      <Filter>CUDA\Source Files</Filter>
    </CudaCompile>
    <CudaCompile Include="CUDA\Source files\StarDeformation.cu">
      <Filter>CUDA\Source Files</Filter>
    </CudaCompile>
    <CudaCompile Include="CUDA\Source files\AccretionDiskColorComputation.cu">
      <Filter>CUDA\Source Files</Filter>
    </CudaCompile>
  </ItemGroup>
  <ItemGroup>
    <None Include="..\Resources\Shaders\FragmentShader.frag">
      <Filter>Shaders</Filter>
    </None>
    <None Include="..\Resources\Shaders\VertexShader.vert">
      <Filter>Shaders</Filter>
    </None>
  </ItemGroup>
</Project>